
Microsoft Visual Studio Solution File, Format Version 12.00
# Visual Studio Version 17
VisualStudioVersion = 17.14.37012.4 d17.14
MinimumVisualStudioVersion = 10.0.40219.1
Project("{FAE04EC0-301F-11D3-BF4B-00C04F79EFBC}") = "Cards", "Cards\Cards.csproj", "{4C183937-4FD9-46A1-8828-BBBEF36B2374}"
EndProject
Project("{FAE04EC0-301F-11D3-BF4B-00C04F79EFBC}") = "CardsTests", "CardsTests\CardsTests.csproj", "{67F73954-BA78-4E42-8BB9-C4A6DCE6E182}"
EndProject
Project("{FAE04EC0-301F-11D3-BF4B-00C04F79EFBC}") = "Klondike", "Klondike\Klondike.csproj", "{E12EB5A0-924E-46A8-9A03-DDEFA7F6EE7D}"
EndProject
Project("{FAE04EC0-301F-11D3-BF4B-00C04F79EFBC}") = "KlondikeTests", "KlondikeTests\KlondikeTests.csproj", "{68537B00-3F40-47FD-8866-5B9594AEBB50}"
EndProject
Project("{FAE04EC0-301F-11D3-BF4B-00C04F79EFBC}") = "Simple Console", "Simple Console\Simple Console.csproj", "{28095B6B-474C-4B52-94D8-451D160FCB21}"
EndProject
Project("{FAE04EC0-301F-11D3-BF4B-00C04F79EFBC}") = "SolitaireUI", "SolitaireUI\SolitaireUI\SolitaireUI.csproj", "{80C87E4D-EDDE-4788-B2DE-FE3BB7DB56F4}"
EndProject
Project("{FAE04EC0-301F-11D3-BF4B-00C04F79EFBC}") = "SolitaireUI.Android", "SolitaireUI\SolitaireUI.Android\SolitaireUI.Android.csproj", "{B30F6915-86D8-4E7A-94BD-68D513E31008}"
EndProject
Project("{FAE04EC0-301F-11D3-BF4B-00C04F79EFBC}") = "SolitaireUI.Desktop", "SolitaireUI\SolitaireUI.Desktop\SolitaireUI.Desktop.csproj", "{9C20BB61-8E38-403B-BCB8-6839CBBB37DF}"
EndProject
Project("{FAE04EC0-301F-11D3-BF4B-00C04F79EFBC}") = "SolitaireUI.iOS", "SolitaireUI\SolitaireUI.iOS\SolitaireUI.iOS.csproj", "{196A5395-FFCE-42BE-9E3E-C6451BF4DDD5}"
EndProject
Project("{FAE04EC0-301F-11D3-BF4B-00C04F79EFBC}") = "SolitaireUI.Browser", "SolitaireUI\SolitaireUI.Browser\SolitaireUI.Browser.csproj", "{4CAF6676-C76F-4CE8-AD78-4B9F743BB5BF}"
EndProject
Project("{FAE04EC0-301F-11D3-BF4B-00C04F79EFBC}") = "GenericSol", "GenericSol\GenericSol.csproj", "{629952CC-9613-4E22-B6BC-9D36150AD644}"
EndProject
Global
	GlobalSection(SolutionConfigurationPlatforms) = preSolution
		Debug|Any CPU = Debug|Any CPU
		Release|Any CPU = Release|Any CPU
	EndGlobalSection
	GlobalSection(ProjectConfigurationPlatforms) = postSolution
		{4C183937-4FD9-46A1-8828-BBBEF36B2374}.Debug|Any CPU.ActiveCfg = Debug|Any CPU
		{4C183937-4FD9-46A1-8828-BBBEF36B2374}.Debug|Any CPU.Build.0 = Debug|Any CPU
		{4C183937-4FD9-46A1-8828-BBBEF36B2374}.Release|Any CPU.ActiveCfg = Release|Any CPU
		{4C183937-4FD9-46A1-8828-BBBEF36B2374}.Release|Any CPU.Build.0 = Release|Any CPU
		{67F73954-BA78-4E42-8BB9-C4A6DCE6E182}.Debug|Any CPU.ActiveCfg = Debug|Any CPU
		{67F73954-BA78-4E42-8BB9-C4A6DCE6E182}.Debug|Any CPU.Build.0 = Debug|Any CPU
		{67F73954-BA78-4E42-8BB9-C4A6DCE6E182}.Release|Any CPU.ActiveCfg = Release|Any CPU
		{67F73954-BA78-4E42-8BB9-C4A6DCE6E182}.Release|Any CPU.Build.0 = Release|Any CPU
		{E12EB5A0-924E-46A8-9A03-DDEFA7F6EE7D}.Debug|Any CPU.ActiveCfg = Debug|Any CPU
		{E12EB5A0-924E-46A8-9A03-DDEFA7F6EE7D}.Debug|Any CPU.Build.0 = Debug|Any CPU
		{E12EB5A0-924E-46A8-9A03-DDEFA7F6EE7D}.Release|Any CPU.ActiveCfg = Release|Any CPU
		{E12EB5A0-924E-46A8-9A03-DDEFA7F6EE7D}.Release|Any CPU.Build.0 = Release|Any CPU
		{68537B00-3F40-47FD-8866-5B9594AEBB50}.Debug|Any CPU.ActiveCfg = Debug|Any CPU
		{68537B00-3F40-47FD-8866-5B9594AEBB50}.Debug|Any CPU.Build.0 = Debug|Any CPU
		{68537B00-3F40-47FD-8866-5B9594AEBB50}.Release|Any CPU.ActiveCfg = Release|Any CPU
		{68537B00-3F40-47FD-8866-5B9594AEBB50}.Release|Any CPU.Build.0 = Release|Any CPU
		{28095B6B-474C-4B52-94D8-451D160FCB21}.Debug|Any CPU.ActiveCfg = Debug|Any CPU
		{28095B6B-474C-4B52-94D8-451D160FCB21}.Debug|Any CPU.Build.0 = Debug|Any CPU
		{28095B6B-474C-4B52-94D8-451D160FCB21}.Release|Any CPU.ActiveCfg = Release|Any CPU
		{28095B6B-474C-4B52-94D8-451D160FCB21}.Release|Any CPU.Build.0 = Release|Any CPU
		{80C87E4D-EDDE-4788-B2DE-FE3BB7DB56F4}.Debug|Any CPU.ActiveCfg = Debug|Any CPU
		{80C87E4D-EDDE-4788-B2DE-FE3BB7DB56F4}.Debug|Any CPU.Build.0 = Debug|Any CPU
		{80C87E4D-EDDE-4788-B2DE-FE3BB7DB56F4}.Release|Any CPU.ActiveCfg = Release|Any CPU
		{80C87E4D-EDDE-4788-B2DE-FE3BB7DB56F4}.Release|Any CPU.Build.0 = Release|Any CPU
		{B30F6915-86D8-4E7A-94BD-68D513E31008}.Debug|Any CPU.ActiveCfg = Debug|Any CPU
		{B30F6915-86D8-4E7A-94BD-68D513E31008}.Release|Any CPU.ActiveCfg = Release|Any CPU
		{B30F6915-86D8-4E7A-94BD-68D513E31008}.Release|Any CPU.Build.0 = Release|Any CPU
		{9C20BB61-8E38-403B-BCB8-6839CBBB37DF}.Debug|Any CPU.ActiveCfg = Debug|Any CPU
		{9C20BB61-8E38-403B-BCB8-6839CBBB37DF}.Debug|Any CPU.Build.0 = Debug|Any CPU
		{9C20BB61-8E38-403B-BCB8-6839CBBB37DF}.Release|Any CPU.ActiveCfg = Release|Any CPU
		{9C20BB61-8E38-403B-BCB8-6839CBBB37DF}.Release|Any CPU.Build.0 = Release|Any CPU
		{196A5395-FFCE-42BE-9E3E-C6451BF4DDD5}.Debug|Any CPU.ActiveCfg = Debug|Any CPU
		{196A5395-FFCE-42BE-9E3E-C6451BF4DDD5}.Release|Any CPU.ActiveCfg = Release|Any CPU
		{196A5395-FFCE-42BE-9E3E-C6451BF4DDD5}.Release|Any CPU.Build.0 = Release|Any CPU
		{4CAF6676-C76F-4CE8-AD78-4B9F743BB5BF}.Debug|Any CPU.ActiveCfg = Debug|Any CPU
		{4CAF6676-C76F-4CE8-AD78-4B9F743BB5BF}.Debug|Any CPU.Build.0 = Debug|Any CPU
		{4CAF6676-C76F-4CE8-AD78-4B9F743BB5BF}.Release|Any CPU.ActiveCfg = Release|Any CPU
		{4CAF6676-C76F-4CE8-AD78-4B9F743BB5BF}.Release|Any CPU.Build.0 = Release|Any CPU
		{629952CC-9613-4E22-B6BC-9D36150AD644}.Debug|Any CPU.ActiveCfg = Debug|Any CPU
		{629952CC-9613-4E22-B6BC-9D36150AD644}.Debug|Any CPU.Build.0 = Debug|Any CPU
		{629952CC-9613-4E22-B6BC-9D36150AD644}.Release|Any CPU.ActiveCfg = Release|Any CPU
		{629952CC-9613-4E22-B6BC-9D36150AD644}.Release|Any CPU.Build.0 = Release|Any CPU
	EndGlobalSection
	GlobalSection(SolutionProperties) = preSolution
		HideSolutionNode = FALSE
	EndGlobalSection
	GlobalSection(ExtensibilityGlobals) = postSolution
		SolutionGuid = {DD2D88CB-7AEA-46DA-BF99-07D80D9B12D0}
	EndGlobalSection
EndGlobal
